
Microsoft Visual Studio Solution File, Format Version 12.00
# Visual Studio Version 17
VisualStudioVersion = 17.3.32929.385
MinimumVisualStudioVersion = 10.0.40219.1
Project("{9A19103F-16F7-4668-BE54-9A1E7A4F7556}") = "Marmat.DML", "Marmat.DML\Marmat.DML.csproj", "{071EF098-F965-41E0-8ECF-9B89F6260095}"
EndProject
Project("{9A19103F-16F7-4668-BE54-9A1E7A4F7556}") = "Marmat.DAL", "Marmat.DAL\Marmat.DAL.csproj", "{2574F46C-5EA4-4024-9598-90DDF32B2AEC}"
EndProject
Project("{9A19103F-16F7-4668-BE54-9A1E7A4F7556}") = "Marmat.BLL", "Marmat.BLL\Marmat.BLL.csproj", "{D21EE1EE-555A-4568-ADA6-295845E61185}"
EndProject
Project("{9A19103F-16F7-4668-BE54-9A1E7A4F7556}") = "BackEnd", "BackEnd\BackEnd.csproj", "{2797C386-61B0-418E-B172-5FCE7A0665BE}"
EndProject
Project("{FAE04EC0-301F-11D3-BF4B-00C04F79EFBC}") = "Marmat.Common", "Marmat.Common\Marmat.Common.csproj", "{BFC477BA-4E7D-48BA-81E4-2BB2CB3F9190}"
EndProject
Global
	GlobalSection(SolutionConfigurationPlatforms) = preSolution
		Debug|Any CPU = Debug|Any CPU
		Release|Any CPU = Release|Any CPU
	EndGlobalSection
	GlobalSection(ProjectConfigurationPlatforms) = postSolution
		{071EF098-F965-41E0-8ECF-9B89F6260095}.Debug|Any CPU.ActiveCfg = Debug|Any CPU
		{071EF098-F965-41E0-8ECF-9B89F6260095}.Debug|Any CPU.Build.0 = Debug|Any CPU
		{071EF098-F965-41E0-8ECF-9B89F6260095}.Release|Any CPU.ActiveCfg = Release|Any CPU
		{071EF098-F965-41E0-8ECF-9B89F6260095}.Release|Any CPU.Build.0 = Release|Any CPU
		{2574F46C-5EA4-4024-9598-90DDF32B2AEC}.Debug|Any CPU.ActiveCfg = Debug|Any CPU
		{2574F46C-5EA4-4024-9598-90DDF32B2AEC}.Debug|Any CPU.Build.0 = Debug|Any CPU
		{2574F46C-5EA4-4024-9598-90DDF32B2AEC}.Release|Any CPU.ActiveCfg = Release|Any CPU
		{2574F46C-5EA4-4024-9598-90DDF32B2AEC}.Release|Any CPU.Build.0 = Release|Any CPU
		{D21EE1EE-555A-4568-ADA6-295845E61185}.Debug|Any CPU.ActiveCfg = Debug|Any CPU
		{D21EE1EE-555A-4568-ADA6-295845E61185}.Debug|Any CPU.Build.0 = Debug|Any CPU
		{D21EE1EE-555A-4568-ADA6-295845E61185}.Release|Any CPU.ActiveCfg = Release|Any CPU
		{D21EE1EE-555A-4568-ADA6-295845E61185}.Release|Any CPU.Build.0 = Release|Any CPU
		{2797C386-61B0-418E-B172-5FCE7A0665BE}.Debug|Any CPU.ActiveCfg = Debug|Any CPU
		{2797C386-61B0-418E-B172-5FCE7A0665BE}.Debug|Any CPU.Build.0 = Debug|Any CPU
		{2797C386-61B0-418E-B172-5FCE7A0665BE}.Release|Any CPU.ActiveCfg = Release|Any CPU
		{2797C386-61B0-418E-B172-5FCE7A0665BE}.Release|Any CPU.Build.0 = Release|Any CPU
		{BFC477BA-4E7D-48BA-81E4-2BB2CB3F9190}.Debug|Any CPU.ActiveCfg = Debug|Any CPU
		{BFC477BA-4E7D-48BA-81E4-2BB2CB3F9190}.Debug|Any CPU.Build.0 = Debug|Any CPU
		{BFC477BA-4E7D-48BA-81E4-2BB2CB3F9190}.Release|Any CPU.ActiveCfg = Release|Any CPU
		{BFC477BA-4E7D-48BA-81E4-2BB2CB3F9190}.Release|Any CPU.Build.0 = Release|Any CPU
	EndGlobalSection
	GlobalSection(SolutionProperties) = preSolution
		HideSolutionNode = FALSE
	EndGlobalSection
	GlobalSection(ExtensibilityGlobals) = postSolution
		SolutionGuid = {8C5FFFCB-E45D-4BAB-A836-27A8AF0342E7}
	EndGlobalSection
EndGlobal
